
Microsoft Visual Studio Solution File, Format Version 12.00
# Visual Studio Version 17
VisualStudioVersion = 17.3.32901.215
MinimumVisualStudioVersion = 10.0.40219.1
Project("{FAE04EC0-301F-11D3-BF4B-00C04F79EFBC}") = "Практика 12", "Практика 12\Практика 12.csproj", "{79563AD7-AC97-43F8-8109-292071D05254}"
EndProject
Global
	GlobalSection(SolutionConfigurationPlatforms) = preSolution
		Debug|Any CPU = Debug|Any CPU
		Release|Any CPU = Release|Any CPU
	EndGlobalSection
	GlobalSection(ProjectConfigurationPlatforms) = postSolution
		{79563AD7-AC97-43F8-8109-292071D05254}.Debug|Any CPU.ActiveCfg = Debug|Any CPU
		{79563AD7-AC97-43F8-8109-292071D05254}.Debug|Any CPU.Build.0 = Debug|Any CPU
		{79563AD7-AC97-43F8-8109-292071D05254}.Release|Any CPU.ActiveCfg = Release|Any CPU
		{79563AD7-AC97-43F8-8109-292071D05254}.Release|Any CPU.Build.0 = Release|Any CPU
	EndGlobalSection
	GlobalSection(SolutionProperties) = preSolution
		HideSolutionNode = FALSE
	EndGlobalSection
	GlobalSection(ExtensibilityGlobals) = postSolution
		SolutionGuid = {3D5049C5-3B80-4F40-AC24-84C5C43BFE25}
	EndGlobalSection
EndGlobal
